// !$*UTF8*$!
{
	archiveVersion = 1;
	classes = {
	};
	objectVersion = 46;
	objects = {

/* Begin PBXBuildFile section */
		04C3FBE01CF30EE700DAB987 /* main.m in Sources */ = {isa = PBXBuildFile; fileRef = 04C3FBDF1CF30EE700DAB987 /* main.m */; };
		04C3FBE31CF30EE700DAB987 /* AppDelegate.m in Sources */ = {isa = PBXBuildFile; fileRef = 04C3FBE21CF30EE700DAB987 /* AppDelegate.m */; };
		04C3FBE61CF30EE700DAB987 /* ViewController.m in Sources */ = {isa = PBXBuildFile; fileRef = 04C3FBE51CF30EE700DAB987 /* ViewController.m */; };
		04C3FBE91CF30EE700DAB987 /* Main.storyboard in Resources */ = {isa = PBXBuildFile; fileRef = 04C3FBE71CF30EE700DAB987 /* Main.storyboard */; };
		04C3FBEB1CF30EE700DAB987 /* Assets.xcassets in Resources */ = {isa = PBXBuildFile; fileRef = 04C3FBEA1CF30EE700DAB987 /* Assets.xcassets */; };
		04C3FBEE1CF30EE700DAB987 /* LaunchScreen.storyboard in Resources */ = {isa = PBXBuildFile; fileRef = 04C3FBEC1CF30EE700DAB987 /* LaunchScreen.storyboard */; };
		04C3FBF91CF30EE700DAB987 /* CirculationImageDemoTests.m in Sources */ = {isa = PBXBuildFile; fileRef = 04C3FBF81CF30EE700DAB987 /* CirculationImageDemoTests.m */; };
		04C3FC041CF30EE700DAB987 /* CirculationImageDemoUITests.m in Sources */ = {isa = PBXBuildFile; fileRef = 04C3FC031CF30EE700DAB987 /* CirculationImageDemoUITests.m */; };
		04C3FC1C1CF30F9E00DAB987 /* 0.jpg in Resources */ = {isa = PBXBuildFile; fileRef = 04C3FC131CF30F9E00DAB987 /* 0.jpg */; };
		04C3FC1D1CF30F9E00DAB987 /* 1.jpg in Resources */ = {isa = PBXBuildFile; fileRef = 04C3FC141CF30F9E00DAB987 /* 1.jpg */; };
		04C3FC1E1CF30F9E00DAB987 /* 2.jpg in Resources */ = {isa = PBXBuildFile; fileRef = 04C3FC151CF30F9E00DAB987 /* 2.jpg */; };
		04C3FC1F1CF30F9E00DAB987 /* 3.jpg in Resources */ = {isa = PBXBuildFile; fileRef = 04C3FC161CF30F9E00DAB987 /* 3.jpg */; };
		04C3FC201CF30F9E00DAB987 /* 4.jpg in Resources */ = {isa = PBXBuildFile; fileRef = 04C3FC171CF30F9E00DAB987 /* 4.jpg */; };
		04C3FC211CF30F9E00DAB987 /* 5.jpg in Resources */ = {isa = PBXBuildFile; fileRef = 04C3FC181CF30F9E00DAB987 /* 5.jpg */; };
		04C3FC221CF30F9E00DAB987 /* 6.jpg in Resources */ = {isa = PBXBuildFile; fileRef = 04C3FC191CF30F9E00DAB987 /* 6.jpg */; };
		04C3FC231CF30F9E00DAB987 /* 7.jpg in Resources */ = {isa = PBXBuildFile; fileRef = 04C3FC1A1CF30F9E00DAB987 /* 7.jpg */; };
		04C3FC241CF30F9E00DAB987 /* 8.jpg in Resources */ = {isa = PBXBuildFile; fileRef = 04C3FC1B1CF30F9E00DAB987 /* 8.jpg */; };
		04C3FC271CF3121100DAB987 /* CollectionViewCell.m in Sources */ = {isa = PBXBuildFile; fileRef = 04C3FC261CF3121100DAB987 /* CollectionViewCell.m */; };
/* End PBXBuildFile section */

/* Begin PBXContainerItemProxy section */
		04C3FBF51CF30EE700DAB987 /* PBXContainerItemProxy */ = {
			isa = PBXContainerItemProxy;
			containerPortal = 04C3FBD31CF30EE700DAB987 /* Project object */;
			proxyType = 1;
			remoteGlobalIDString = 04C3FBDA1CF30EE700DAB987;
			remoteInfo = CirculationImageDemo;
		};
		04C3FC001CF30EE700DAB987 /* PBXContainerItemProxy */ = {
			isa = PBXContainerItemProxy;
			containerPortal = 04C3FBD31CF30EE700DAB987 /* Project object */;
			proxyType = 1;
			remoteGlobalIDString = 04C3FBDA1CF30EE700DAB987;
			remoteInfo = CirculationImageDemo;
		};
/* End PBXContainerItemProxy section */

/* Begin PBXFileReference section */
		04C3FBDB1CF30EE700DAB987 /* CirculationImageDemo.app */ = {isa = PBXFileReference; explicitFileType = wrapper.application; includeInIndex = 0; path = CirculationImageDemo.app; sourceTree = BUILT_PRODUCTS_DIR; };
		04C3FBDF1CF30EE700DAB987 /* main.m */ = {isa = PBXFileReference; lastKnownFileType = sourcecode.c.objc; path = main.m; sourceTree = "<group>"; };
		04C3FBE11CF30EE700DAB987 /* AppDelegate.h */ = {isa = PBXFileReference; lastKnownFileType = sourcecode.c.h; path = AppDelegate.h; sourceTree = "<group>"; };
		04C3FBE21CF30EE700DAB987 /* AppDelegate.m */ = {isa = PBXFileReference; lastKnownFileType = sourcecode.c.objc; path = AppDelegate.m; sourceTree = "<group>"; };
		04C3FBE41CF30EE700DAB987 /* ViewController.h */ = {isa = PBXFileReference; lastKnownFileType = sourcecode.c.h; path = ViewController.h; sourceTree = "<group>"; };
		04C3FBE51CF30EE700DAB987 /* ViewController.m */ = {isa = PBXFileReference; lastKnownFileType = sourcecode.c.objc; path = ViewController.m; sourceTree = "<group>"; };
		04C3FBE81CF30EE700DAB987 /* Base */ = {isa = PBXFileReference; lastKnownFileType = file.storyboard; name = Base; path = Base.lproj/Main.storyboard; sourceTree = "<group>"; };
		04C3FBEA1CF30EE700DAB987 /* Assets.xcassets */ = {isa = PBXFileReference; lastKnownFileType = folder.assetcatalog; path = Assets.xcassets; sourceTree = "<group>"; };
		04C3FBED1CF30EE700DAB987 /* Base */ = {isa = PBXFileReference; lastKnownFileType = file.storyboard; name = Base; path = Base.lproj/LaunchScreen.storyboard; sourceTree = "<group>"; };
		04C3FBEF1CF30EE700DAB987 /* Info.plist */ = {isa = PBXFileReference; lastKnownFileType = text.plist.xml; path = Info.plist; sourceTree = "<group>"; };
		04C3FBF41CF30EE700DAB987 /* CirculationImageDemoTests.xctest */ = {isa = PBXFileReference; explicitFileType = wrapper.cfbundle; includeInIndex = 0; path = CirculationImageDemoTests.xctest; sourceTree = BUILT_PRODUCTS_DIR; };
		04C3FBF81CF30EE700DAB987 /* CirculationImageDemoTests.m */ = {isa = PBXFileReference; lastKnownFileType = sourcecode.c.objc; path = CirculationImageDemoTests.m; sourceTree = "<group>"; };
		04C3FBFA1CF30EE700DAB987 /* Info.plist */ = {isa = PBXFileReference; lastKnownFileType = text.plist.xml; path = Info.plist; sourceTree = "<group>"; };
		04C3FBFF1CF30EE700DAB987 /* CirculationImageDemoUITests.xctest */ = {isa = PBXFileReference; explicitFileType = wrapper.cfbundle; includeInIndex = 0; path = CirculationImageDemoUITests.xctest; sourceTree = BUILT_PRODUCTS_DIR; };
		04C3FC031CF30EE700DAB987 /* CirculationImageDemoUITests.m */ = {isa = PBXFileReference; lastKnownFileType = sourcecode.c.objc; path = CirculationImageDemoUITests.m; sourceTree = "<group>"; };
		04C3FC051CF30EE700DAB987 /* Info.plist */ = {isa = PBXFileReference; lastKnownFileType = text.plist.xml; path = Info.plist; sourceTree = "<group>"; };
		04C3FC111CF30F4500DAB987 /* CirculationImageDemo-prefix.pch */ = {isa = PBXFileReference; lastKnownFileType = sourcecode.c.h; path = "CirculationImageDemo-prefix.pch"; sourceTree = "<group>"; };
		04C3FC131CF30F9E00DAB987 /* 0.jpg */ = {isa = PBXFileReference; lastKnownFileType = image.jpeg; path = 0.jpg; sourceTree = "<group>"; };
		04C3FC141CF30F9E00DAB987 /* 1.jpg */ = {isa = PBXFileReference; lastKnownFileType = image.jpeg; path = 1.jpg; sourceTree = "<group>"; };
		04C3FC151CF30F9E00DAB987 /* 2.jpg */ = {isa = PBXFileReference; lastKnownFileType = image.jpeg; path = 2.jpg; sourceTree = "<group>"; };
		04C3FC161CF30F9E00DAB987 /* 3.jpg */ = {isa = PBXFileReference; lastKnownFileType = image.jpeg; path = 3.jpg; sourceTree = "<group>"; };
		04C3FC171CF30F9E00DAB987 /* 4.jpg */ = {isa = PBXFileReference; lastKnownFileType = image.jpeg; path = 4.jpg; sourceTree = "<group>"; };
		04C3FC181CF30F9E00DAB987 /* 5.jpg */ = {isa = PBXFileReference; lastKnownFileType = image.jpeg; path = 5.jpg; sourceTree = "<group>"; };
		04C3FC191CF30F9E00DAB987 /* 6.jpg */ = {isa = PBXFileReference; lastKnownFileType = image.jpeg; path = 6.jpg; sourceTree = "<group>"; };
		04C3FC1A1CF30F9E00DAB987 /* 7.jpg */ = {isa = PBXFileReference; lastKnownFileType = image.jpeg; path = 7.jpg; sourceTree = "<group>"; };
		04C3FC1B1CF30F9E00DAB987 /* 8.jpg */ = {isa = PBXFileReference; lastKnownFileType = image.jpeg; path = 8.jpg; sourceTree = "<group>"; };
		04C3FC251CF3121100DAB987 /* CollectionViewCell.h */ = {isa = PBXFileReference; fileEncoding = 4; lastKnownFileType = sourcecode.c.h; path = CollectionViewCell.h; sourceTree = "<group>"; };
		04C3FC261CF3121100DAB987 /* CollectionViewCell.m */ = {isa = PBXFileReference; fileEncoding = 4; lastKnownFileType = sourcecode.c.objc; path = CollectionViewCell.m; sourceTree = "<group>"; };
/* End PBXFileReference section */

/* Begin PBXFrameworksBuildPhase section */
		04C3FBD81CF30EE700DAB987 /* Frameworks */ = {
			isa = PBXFrameworksBuildPhase;
			buildActionMask = 2147483647;
			files = (
			);
			runOnlyForDeploymentPostprocessing = 0;
		};
		04C3FBF11CF30EE700DAB987 /* Frameworks */ = {
			isa = PBXFrameworksBuildPhase;
			buildActionMask = 2147483647;
			files = (
			);
			runOnlyForDeploymentPostprocessing = 0;
		};
		04C3FBFC1CF30EE700DAB987 /* Frameworks */ = {
			isa = PBXFrameworksBuildPhase;
			buildActionMask = 2147483647;
			files = (
			);
			runOnlyForDeploymentPostprocessing = 0;
		};
/* End PBXFrameworksBuildPhase section */

/* Begin PBXGroup section */
		04C3FBD21CF30EE700DAB987 = {
			isa = PBXGroup;
			children = (
				04C3FBDD1CF30EE700DAB987 /* CirculationImageDemo */,
				04C3FBF71CF30EE700DAB987 /* CirculationImageDemoTests */,
				04C3FC021CF30EE700DAB987 /* CirculationImageDemoUITests */,
				04C3FBDC1CF30EE700DAB987 /* Products */,
			);
			sourceTree = "<group>";
		};
		04C3FBDC1CF30EE700DAB987 /* Products */ = {
			isa = PBXGroup;
			children = (
				04C3FBDB1CF30EE700DAB987 /* CirculationImageDemo.app */,
				04C3FBF41CF30EE700DAB987 /* CirculationImageDemoTests.xctest */,
				04C3FBFF1CF30EE700DAB987 /* CirculationImageDemoUITests.xctest */,
			);
			name = Products;
			sourceTree = "<group>";
		};
		04C3FBDD1CF30EE700DAB987 /* CirculationImageDemo */ = {
			isa = PBXGroup;
			children = (
				04C3FC121CF30F9E00DAB987 /* images */,
				04C3FC111CF30F4500DAB987 /* CirculationImageDemo-prefix.pch */,
				04C3FBE11CF30EE700DAB987 /* AppDelegate.h */,
				04C3FBE21CF30EE700DAB987 /* AppDelegate.m */,
				04C3FBE41CF30EE700DAB987 /* ViewController.h */,
				04C3FBE51CF30EE700DAB987 /* ViewController.m */,
				04C3FBE71CF30EE700DAB987 /* Main.storyboard */,
				04C3FBEA1CF30EE700DAB987 /* Assets.xcassets */,
				04C3FBEC1CF30EE700DAB987 /* LaunchScreen.storyboard */,
				04C3FBEF1CF30EE700DAB987 /* Info.plist */,
				04C3FBDE1CF30EE700DAB987 /* Supporting Files */,
				04C3FC251CF3121100DAB987 /* CollectionViewCell.h */,
				04C3FC261CF3121100DAB987 /* CollectionViewCell.m */,
			);
			path = CirculationImageDemo;
			sourceTree = "<group>";
		};
		04C3FBDE1CF30EE700DAB987 /* Supporting Files */ = {
			isa = PBXGroup;
			children = (
				04C3FBDF1CF30EE700DAB987 /* main.m */,
			);
			name = "Supporting Files";
			sourceTree = "<group>";
		};
		04C3FBF71CF30EE700DAB987 /* CirculationImageDemoTests */ = {
			isa = PBXGroup;
			children = (
				04C3FBF81CF30EE700DAB987 /* CirculationImageDemoTests.m */,
				04C3FBFA1CF30EE700DAB987 /* Info.plist */,
			);
			path = CirculationImageDemoTests;
			sourceTree = "<group>";
		};
		04C3FC021CF30EE700DAB987 /* CirculationImageDemoUITests */ = {
			isa = PBXGroup;
			children = (
				04C3FC031CF30EE700DAB987 /* CirculationImageDemoUITests.m */,
				04C3FC051CF30EE700DAB987 /* Info.plist */,
			);
			path = CirculationImageDemoUITests;
			sourceTree = "<group>";
		};
		04C3FC121CF30F9E00DAB987 /* images */ = {
			isa = PBXGroup;
			children = (
				04C3FC131CF30F9E00DAB987 /* 0.jpg */,
				04C3FC141CF30F9E00DAB987 /* 1.jpg */,
				04C3FC151CF30F9E00DAB987 /* 2.jpg */,
				04C3FC161CF30F9E00DAB987 /* 3.jpg */,
				04C3FC171CF30F9E00DAB987 /* 4.jpg */,
				04C3FC181CF30F9E00DAB987 /* 5.jpg */,
				04C3FC191CF30F9E00DAB987 /* 6.jpg */,
				04C3FC1A1CF30F9E00DAB987 /* 7.jpg */,
				04C3FC1B1CF30F9E00DAB987 /* 8.jpg */,
			);
			path = images;
			sourceTree = "<group>";
		};
/* End PBXGroup section */

/* Begin PBXNativeTarget section */
		04C3FBDA1CF30EE700DAB987 /* CirculationImageDemo */ = {
			isa = PBXNativeTarget;
			buildConfigurationList = 04C3FC081CF30EE700DAB987 /* Build configuration list for PBXNativeTarget "CirculationImageDemo" */;
			buildPhases = (
				04C3FBD71CF30EE700DAB987 /* Sources */,
				04C3FBD81CF30EE700DAB987 /* Frameworks */,
				04C3FBD91CF30EE700DAB987 /* Resources */,
			);
			buildRules = (
			);
			dependencies = (
			);
			name = CirculationImageDemo;
			productName = CirculationImageDemo;
			productReference = 04C3FBDB1CF30EE700DAB987 /* CirculationImageDemo.app */;
			productType = "com.apple.product-type.application";
		};
		04C3FBF31CF30EE700DAB987 /* CirculationImageDemoTests */ = {
			isa = PBXNativeTarget;
			buildConfigurationList = 04C3FC0B1CF30EE700DAB987 /* Build configuration list for PBXNativeTarget "CirculationImageDemoTests" */;
			buildPhases = (
				04C3FBF01CF30EE700DAB987 /* Sources */,
				04C3FBF11CF30EE700DAB987 /* Frameworks */,
				04C3FBF21CF30EE700DAB987 /* Resources */,
			);
			buildRules = (
			);
			dependencies = (
				04C3FBF61CF30EE700DAB987 /* PBXTargetDependency */,
			);
			name = CirculationImageDemoTests;
			productName = CirculationImageDemoTests;
			productReference = 04C3FBF41CF30EE700DAB987 /* CirculationImageDemoTests.xctest */;
			productType = "com.apple.product-type.bundle.unit-test";
		};
		04C3FBFE1CF30EE700DAB987 /* CirculationImageDemoUITests */ = {
			isa = PBXNativeTarget;
			buildConfigurationList = 04C3FC0E1CF30EE700DAB987 /* Build configuration list for PBXNativeTarget "CirculationImageDemoUITests" */;
			buildPhases = (
				04C3FBFB1CF30EE700DAB987 /* Sources */,
				04C3FBFC1CF30EE700DAB987 /* Frameworks */,
				04C3FBFD1CF30EE700DAB987 /* Resources */,
			);
			buildRules = (
			);
			dependencies = (
				04C3FC011CF30EE700DAB987 /* PBXTargetDependency */,
			);
			name = CirculationImageDemoUITests;
			productName = CirculationImageDemoUITests;
			productReference = 04C3FBFF1CF30EE700DAB987 /* CirculationImageDemoUITests.xctest */;
			productType = "com.apple.product-type.bundle.ui-testing";
		};
/* End PBXNativeTarget section */

/* Begin PBXProject section */
		04C3FBD31CF30EE700DAB987 /* Project object */ = {
			isa = PBXProject;
			attributes = {
				LastUpgradeCheck = 0730;
				ORGANIZATIONNAME = "黄志武";
				TargetAttributes = {
					04C3FBDA1CF30EE700DAB987 = {
						CreatedOnToolsVersion = 7.3.1;
					};
					04C3FBF31CF30EE700DAB987 = {
						CreatedOnToolsVersion = 7.3.1;
						TestTargetID = 04C3FBDA1CF30EE700DAB987;
					};
					04C3FBFE1CF30EE700DAB987 = {
						CreatedOnToolsVersion = 7.3.1;
						TestTargetID = 04C3FBDA1CF30EE700DAB987;
					};
				};
			};
			buildConfigurationList = 04C3FBD61CF30EE700DAB987 /* Build configuration list for PBXProject "CirculationImageDemo" */;
			compatibilityVersion = "Xcode 3.2";
			developmentRegion = English;
			hasScannedForEncodings = 0;
			knownRegions = (
				en,
				Base,
			);
			mainGroup = 04C3FBD21CF30EE700DAB987;
			productRefGroup = 04C3FBDC1CF30EE700DAB987 /* Products */;
			projectDirPath = "";
			projectRoot = "";
			targets = (
				04C3FBDA1CF30EE700DAB987 /* CirculationImageDemo */,
				04C3FBF31CF30EE700DAB987 /* CirculationImageDemoTests */,
				04C3FBFE1CF30EE700DAB987 /* CirculationImageDemoUITests */,
			);
		};
/* End PBXProject section */

/* Begin PBXResourcesBuildPhase section */
		04C3FBD91CF30EE700DAB987 /* Resources */ = {
			isa = PBXResourcesBuildPhase;
			buildActionMask = 2147483647;
			files = (
				04C3FC241CF30F9E00DAB987 /* 8.jpg in Resources */,
				04C3FC231CF30F9E00DAB987 /* 7.jpg in Resources */,
				04C3FC201CF30F9E00DAB987 /* 4.jpg in Resources */,
				04C3FC1E1CF30F9E00DAB987 /* 2.jpg in Resources */,
				04C3FC1C1CF30F9E00DAB987 /* 0.jpg in Resources */,
				04C3FC211CF30F9E00DAB987 /* 5.jpg in Resources */,
				04C3FC221CF30F9E00DAB987 /* 6.jpg in Resources */,
				04C3FBEE1CF30EE700DAB987 /* LaunchScreen.storyboard in Resources */,
				04C3FBEB1CF30EE700DAB987 /* Assets.xcassets in Resources */,
				04C3FBE91CF30EE700DAB987 /* Main.storyboard in Resources */,
				04C3FC1F1CF30F9E00DAB987 /* 3.jpg in Resources */,
				04C3FC1D1CF30F9E00DAB987 /* 1.jpg in Resources */,
			);
			runOnlyForDeploymentPostprocessing = 0;
		};
		04C3FBF21CF30EE700DAB987 /* Resources */ = {
			isa = PBXResourcesBuildPhase;
			buildActionMask = 2147483647;
			files = (
			);
			runOnlyForDeploymentPostprocessing = 0;
		};
		04C3FBFD1CF30EE700DAB987 /* Resources */ = {
			isa = PBXResourcesBuildPhase;
			buildActionMask = 2147483647;
			files = (
			);
			runOnlyForDeploymentPostprocessing = 0;
		};
/* End PBXResourcesBuildPhase section */

/* Begin PBXSourcesBuildPhase section */
		04C3FBD71CF30EE700DAB987 /* Sources */ = {
			isa = PBXSourcesBuildPhase;
			buildActionMask = 2147483647;
			files = (
				04C3FBE61CF30EE700DAB987 /* ViewController.m in Sources */,
				04C3FBE31CF30EE700DAB987 /* AppDelegate.m in Sources */,
				04C3FC271CF3121100DAB987 /* CollectionViewCell.m in Sources */,
				04C3FBE01CF30EE700DAB987 /* main.m in Sources */,
			);
			runOnlyForDeploymentPostprocessing = 0;
		};
		04C3FBF01CF30EE700DAB987 /* Sources */ = {
			isa = PBXSourcesBuildPhase;
			buildActionMask = 2147483647;
			files = (
				04C3FBF91CF30EE700DAB987 /* CirculationImageDemoTests.m in Sources */,
			);
			runOnlyForDeploymentPostprocessing = 0;
		};
		04C3FBFB1CF30EE700DAB987 /* Sources */ = {
			isa = PBXSourcesBuildPhase;
			buildActionMask = 2147483647;
			files = (
				04C3FC041CF30EE700DAB987 /* CirculationImageDemoUITests.m in Sources */,
			);
			runOnlyForDeploymentPostprocessing = 0;
		};
/* End PBXSourcesBuildPhase section */

/* Begin PBXTargetDependency section */
		04C3FBF61CF30EE700DAB987 /* PBXTargetDependency */ = {
			isa = PBXTargetDependency;
			target = 04C3FBDA1CF30EE700DAB987 /* CirculationImageDemo */;
			targetProxy = 04C3FBF51CF30EE700DAB987 /* PBXContainerItemProxy */;
		};
		04C3FC011CF30EE700DAB987 /* PBXTargetDependency */ = {
			isa = PBXTargetDependency;
			target = 04C3FBDA1CF30EE700DAB987 /* CirculationImageDemo */;
			targetProxy = 04C3FC001CF30EE700DAB987 /* PBXContainerItemProxy */;
		};
/* End PBXTargetDependency section */

/* Begin PBXVariantGroup section */
		04C3FBE71CF30EE700DAB987 /* Main.storyboard */ = {
			isa = PBXVariantGroup;
			children = (
				04C3FBE81CF30EE700DAB987 /* Base */,
			);
			name = Main.storyboard;
			sourceTree = "<group>";
		};
		04C3FBEC1CF30EE700DAB987 /* LaunchScreen.storyboard */ = {
			isa = PBXVariantGroup;
			children = (
				04C3FBED1CF30EE700DAB987 /* Base */,
			);
			name = LaunchScreen.storyboard;
			sourceTree = "<group>";
		};
/* End PBXVariantGroup section */

/* Begin XCBuildConfiguration section */
		04C3FC061CF30EE700DAB987 /* Debug */ = {
			isa = XCBuildConfiguration;
			buildSettings = {
				ALWAYS_SEARCH_USER_PATHS = NO;
				CLANG_ANALYZER_NONNULL = YES;
				CLANG_CXX_LANGUAGE_STANDARD = "gnu++0x";
				CLANG_CXX_LIBRARY = "libc++";
				CLANG_ENABLE_MODULES = YES;
				CLANG_ENABLE_OBJC_ARC = YES;
				CLANG_WARN_BOOL_CONVERSION = YES;
				CLANG_WARN_CONSTANT_CONVERSION = YES;
				CLANG_WARN_DIRECT_OBJC_ISA_USAGE = YES_ERROR;
				CLANG_WARN_EMPTY_BODY = YES;
				CLANG_WARN_ENUM_CONVERSION = YES;
				CLANG_WARN_INT_CONVERSION = YES;
				CLANG_WARN_OBJC_ROOT_CLASS = YES_ERROR;
				CLANG_WARN_UNREACHABLE_CODE = YES;
				CLANG_WARN__DUPLICATE_METHOD_MATCH = YES;
				"CODE_SIGN_IDENTITY[sdk=iphoneos*]" = "iPhone Developer";
				COPY_PHASE_STRIP = NO;
				DEBUG_INFORMATION_FORMAT = dwarf;
				ENABLE_STRICT_OBJC_MSGSEND = YES;
				ENABLE_TESTABILITY = YES;
				GCC_C_LANGUAGE_STANDARD = gnu99;
				GCC_DYNAMIC_NO_PIC = NO;
				GCC_NO_COMMON_BLOCKS = YES;
				GCC_OPTIMIZATION_LEVEL = 0;
				GCC_PREPROCESSOR_DEFINITIONS = (
					"DEBUG=1",
					"$(inherited)",
				);
				GCC_WARN_64_TO_32_BIT_CONVERSION = YES;
				GCC_WARN_ABOUT_RETURN_TYPE = YES_ERROR;
				GCC_WARN_UNDECLARED_SELECTOR = YES;
				GCC_WARN_UNINITIALIZED_AUTOS = YES_AGGRESSIVE;
				GCC_WARN_UNUSED_FUNCTION = YES;
				GCC_WARN_UNUSED_VARIABLE = YES;
				IPHONEOS_DEPLOYMENT_TARGET = 9.3;
				MTL_ENABLE_DEBUG_INFO = YES;
				ONLY_ACTIVE_ARCH = YES;
				SDKROOT = iphoneos;
			};
			name = Debug;
		};
		04C3FC071CF30EE700DAB987 /* Release */ = {
			isa = XCBuildConfiguration;
			buildSettings = {
				ALWAYS_SEARCH_USER_PATHS = NO;
				CLANG_ANALYZER_NONNULL = YES;
				CLANG_CXX_LANGUAGE_STANDARD = "gnu++0x";
				CLANG_CXX_LIBRARY = "libc++";
				CLANG_ENABLE_MODULES = YES;
				CLANG_ENABLE_OBJC_ARC = YES;
				CLANG_WARN_BOOL_CONVERSION = YES;
				CLANG_WARN_CONSTANT_CONVERSION = YES;
				CLANG_WARN_DIRECT_OBJC_ISA_USAGE = YES_ERROR;
				CLANG_WARN_EMPTY_BODY = YES;
				CLANG_WARN_ENUM_CONVERSION = YES;
				CLANG_WARN_INT_CONVERSION = YES;
				CLANG_WARN_OBJC_ROOT_CLASS = YES_ERROR;
				CLANG_WARN_UNREACHABLE_CODE = YES;
				CLANG_WARN__DUPLICATE_METHOD_MATCH = YES;
				"CODE_SIGN_IDENTITY[sdk=iphoneos*]" = "iPhone Developer";
				COPY_PHASE_STRIP = NO;
				DEBUG_INFORMATION_FORMAT = "dwarf-with-dsym";
				ENABLE_NS_ASSERTIONS = NO;
				ENABLE_STRICT_OBJC_MSGSEND = YES;
				GCC_C_LANGUAGE_STANDARD = gnu99;
				GCC_NO_COMMON_BLOCKS = YES;
				GCC_WARN_64_TO_32_BIT_CONVERSION = YES;
				GCC_WARN_ABOUT_RETURN_TYPE = YES_ERROR;
				GCC_WARN_UNDECLARED_SELECTOR = YES;
				GCC_WARN_UNINITIALIZED_AUTOS = YES_AGGRESSIVE;
				GCC_WARN_UNUSED_FUNCTION = YES;
				GCC_WARN_UNUSED_VARIABLE = YES;
				IPHONEOS_DEPLOYMENT_TARGET = 9.3;
				MTL_ENABLE_DEBUG_INFO = NO;
				SDKROOT = iphoneos;
				VALIDATE_PRODUCT = YES;
			};
			name = Release;
		};
		04C3FC091CF30EE700DAB987 /* Debug */ = {
			isa = XCBuildConfiguration;
			buildSettings = {
				ASSETCATALOG_COMPILER_APPICON_NAME = AppIcon;
				GCC_PRECOMPILE_PREFIX_HEADER = YES;
				GCC_PREFIX_HEADER = "$(SRCROOT)/CirculationImageDemo/CirculationImageDemo-prefix.pch";
				INFOPLIST_FILE = CirculationImageDemo/Info.plist;
				LD_RUNPATH_SEARCH_PATHS = "$(inherited) @executable_path/Frameworks";
				PRODUCT_BUNDLE_IDENTIFIER = mac.CirculationImageDemo;
				PRODUCT_NAME = "$(TARGET_NAME)";
			};
			name = Debug;
		};
		04C3FC0A1CF30EE700DAB987 /* Release */ = {
			isa = XCBuildConfiguration;
			buildSettings = {
				ASSETCATALOG_COMPILER_APPICON_NAME = AppIcon;
				GCC_PRECOMPILE_PREFIX_HEADER = YES;
				GCC_PREFIX_HEADER = "$(SRCROOT)/CirculationImageDemo/CirculationImageDemo-prefix.pch";
				INFOPLIST_FILE = CirculationImageDemo/Info.plist;
				LD_RUNPATH_SEARCH_PATHS = "$(inherited) @executable_path/Frameworks";
				PRODUCT_BUNDLE_IDENTIFIER = mac.CirculationImageDemo;
				PRODUCT_NAME = "$(TARGET_NAME)";
			};
			name = Release;
		};
		04C3FC0C1CF30EE700DAB987 /* Debug */ = {
			isa = XCBuildConfiguration;
			buildSettings = {
				BUNDLE_LOADER = "$(TEST_HOST)";
				INFOPLIST_FILE = CirculationImageDemoTests/Info.plist;
				LD_RUNPATH_SEARCH_PATHS = "$(inherited) @executable_path/Frameworks @loader_path/Frameworks";
				PRODUCT_BUNDLE_IDENTIFIER = mac.CirculationImageDemoTests;
				PRODUCT_NAME = "$(TARGET_NAME)";
				TEST_HOST = "$(BUILT_PRODUCTS_DIR)/CirculationImageDemo.app/CirculationImageDemo";
			};
			name = Debug;
		};
		04C3FC0D1CF30EE700DAB987 /* Release */ = {
			isa = XCBuildConfiguration;
			buildSettings = {
				BUNDLE_LOADER = "$(TEST_HOST)";
				INFOPLIST_FILE = CirculationImageDemoTests/Info.plist;
				LD_RUNPATH_SEARCH_PATHS = "$(inherited) @executable_path/Frameworks @loader_path/Frameworks";
				PRODUCT_BUNDLE_IDENTIFIER = mac.CirculationImageDemoTests;
				PRODUCT_NAME = "$(TARGET_NAME)";
				TEST_HOST = "$(BUILT_PRODUCTS_DIR)/CirculationImageDemo.app/CirculationImageDemo";
			};
			name = Release;
		};
		04C3FC0F1CF30EE700DAB987 /* Debug */ = {
			isa = XCBuildConfiguration;
			buildSettings = {
				INFOPLIST_FILE = CirculationImageDemoUITests/Info.plist;
				LD_RUNPATH_SEARCH_PATHS = "$(inherited) @executable_path/Frameworks @loader_path/Frameworks";
				PRODUCT_BUNDLE_IDENTIFIER = mac.CirculationImageDemoUITests;
				PRODUCT_NAME = "$(TARGET_NAME)";
				TEST_TARGET_NAME = CirculationImageDemo;
			};
			name = Debug;
		};
		04C3FC101CF30EE700DAB987 /* Release */ = {
			isa = XCBuildConfiguration;
			buildSettings = {
				INFOPLIST_FILE = CirculationImageDemoUITests/Info.plist;
				LD_RUNPATH_SEARCH_PATHS = "$(inherited) @executable_path/Frameworks @loader_path/Frameworks";
				PRODUCT_BUNDLE_IDENTIFIER = mac.CirculationImageDemoUITests;
				PRODUCT_NAME = "$(TARGET_NAME)";
				TEST_TARGET_NAME = CirculationImageDemo;
			};
			name = Release;
		};
/* End XCBuildConfiguration section */

/* Begin XCConfigurationList section */
		04C3FBD61CF30EE700DAB987 /* Build configuration list for PBXProject "CirculationImageDemo" */ = {
			isa = XCConfigurationList;
			buildConfigurations = (
				04C3FC061CF30EE700DAB987 /* Debug */,
				04C3FC071CF30EE700DAB987 /* Release */,
			);
			defaultConfigurationIsVisible = 0;
			defaultConfigurationName = Release;
		};
		04C3FC081CF30EE700DAB987 /* Build configuration list for PBXNativeTarget "CirculationImageDemo" */ = {
			isa = XCConfigurationList;
			buildConfigurations = (
				04C3FC091CF30EE700DAB987 /* Debug */,
				04C3FC0A1CF30EE700DAB987 /* Release */,
			);
			defaultConfigurationIsVisible = 0;
		};
		04C3FC0B1CF30EE700DAB987 /* Build configuration list for PBXNativeTarget "CirculationImageDemoTests" */ = {
			isa = XCConfigurationList;
			buildConfigurations = (
				04C3FC0C1CF30EE700DAB987 /* Debug */,
				04C3FC0D1CF30EE700DAB987 /* Release */,
			);
			defaultConfigurationIsVisible = 0;
		};
		04C3FC0E1CF30EE700DAB987 /* Build configuration list for PBXNativeTarget "CirculationImageDemoUITests" */ = {
			isa = XCConfigurationList;
			buildConfigurations = (
				04C3FC0F1CF30EE700DAB987 /* Debug */,
				04C3FC101CF30EE700DAB987 /* Release */,
			);
			defaultConfigurationIsVisible = 0;
		};
/* End XCConfigurationList section */
	};
	rootObject = 04C3FBD31CF30EE700DAB987 /* Project object */;
}
